// !$*UTF8*$!
{
	archiveVersion = 1;
	classes = {
	};
	objectVersion = 46;
	objects = {

/* Begin PBXBuildFile section */
		1D026730130870766F8424E1 /* Pods_FreeGeoIP.framework in Frameworks */ = {isa = PBXBuildFile; fileRef = AD38BC55E9810E117237BEA9 /* Pods_FreeGeoIP.framework */; };
		3E0A3F7B1F6BF96700F8EB32 /* FreeGeoIP.h in Headers */ = {isa = PBXBuildFile; fileRef = 3E0A3F791F6BF96700F8EB32 /* FreeGeoIP.h */; settings = {ATTRIBUTES = (Public, ); }; };
		3E0A3F821F6BF98400F8EB32 /* GeoIp.swift in Sources */ = {isa = PBXBuildFile; fileRef = 3E0A3F811F6BF98400F8EB32 /* GeoIp.swift */; };
/* End PBXBuildFile section */

/* Begin PBXFileReference section */
		343DA6E6C22C86C903459003 /* Pods-FreeGeoIP.debug.xcconfig */ = {isa = PBXFileReference; includeInIndex = 1; lastKnownFileType = text.xcconfig; name = "Pods-FreeGeoIP.debug.xcconfig"; path = "Pods/Target Support Files/Pods-FreeGeoIP/Pods-FreeGeoIP.debug.xcconfig"; sourceTree = "<group>"; };
		3E0A3F761F6BF96700F8EB32 /* FreeGeoIP.framework */ = {isa = PBXFileReference; explicitFileType = wrapper.framework; includeInIndex = 0; path = FreeGeoIP.framework; sourceTree = BUILT_PRODUCTS_DIR; };
		3E0A3F791F6BF96700F8EB32 /* FreeGeoIP.h */ = {isa = PBXFileReference; lastKnownFileType = sourcecode.c.h; path = FreeGeoIP.h; sourceTree = "<group>"; };
		3E0A3F7A1F6BF96700F8EB32 /* Info.plist */ = {isa = PBXFileReference; lastKnownFileType = text.plist.xml; path = Info.plist; sourceTree = "<group>"; };
		3E0A3F811F6BF98400F8EB32 /* GeoIp.swift */ = {isa = PBXFileReference; fileEncoding = 4; lastKnownFileType = sourcecode.swift; path = GeoIp.swift; sourceTree = "<group>"; };
		AD38BC55E9810E117237BEA9 /* Pods_FreeGeoIP.framework */ = {isa = PBXFileReference; explicitFileType = wrapper.framework; includeInIndex = 0; path = Pods_FreeGeoIP.framework; sourceTree = BUILT_PRODUCTS_DIR; };
		CEACD6EB9C70929DC9ADE24A /* Pods-FreeGeoIP.release.xcconfig */ = {isa = PBXFileReference; includeInIndex = 1; lastKnownFileType = text.xcconfig; name = "Pods-FreeGeoIP.release.xcconfig"; path = "Pods/Target Support Files/Pods-FreeGeoIP/Pods-FreeGeoIP.release.xcconfig"; sourceTree = "<group>"; };
/* End PBXFileReference section */

/* Begin PBXFrameworksBuildPhase section */
		3E0A3F721F6BF96700F8EB32 /* Frameworks */ = {
			isa = PBXFrameworksBuildPhase;
			buildActionMask = 2147483647;
			files = (
				1D026730130870766F8424E1 /* Pods_FreeGeoIP.framework in Frameworks */,
			);
			runOnlyForDeploymentPostprocessing = 0;
		};
/* End PBXFrameworksBuildPhase section */

/* Begin PBXGroup section */
		3E0A3F6C1F6BF96700F8EB32 = {
			isa = PBXGroup;
			children = (
				3E0A3F781F6BF96700F8EB32 /* FreeGeoIP */,
				3E0A3F771F6BF96700F8EB32 /* Products */,
				60928C62810DE9321D385850 /* Pods */,
				5CDDA59CF0CB98247D7575EC /* Frameworks */,
			);
			sourceTree = "<group>";
		};
		3E0A3F771F6BF96700F8EB32 /* Products */ = {
			isa = PBXGroup;
			children = (
				3E0A3F761F6BF96700F8EB32 /* FreeGeoIP.framework */,
			);
			name = Products;
			sourceTree = "<group>";
		};
		3E0A3F781F6BF96700F8EB32 /* FreeGeoIP */ = {
			isa = PBXGroup;
			children = (
				3E0A3F791F6BF96700F8EB32 /* FreeGeoIP.h */,
				3E0A3F7A1F6BF96700F8EB32 /* Info.plist */,
				3E0A3F811F6BF98400F8EB32 /* GeoIp.swift */,
			);
			path = FreeGeoIP;
			sourceTree = "<group>";
		};
		5CDDA59CF0CB98247D7575EC /* Frameworks */ = {
			isa = PBXGroup;
			children = (
				AD38BC55E9810E117237BEA9 /* Pods_FreeGeoIP.framework */,
			);
			name = Frameworks;
			sourceTree = "<group>";
		};
		60928C62810DE9321D385850 /* Pods */ = {
			isa = PBXGroup;
			children = (
				343DA6E6C22C86C903459003 /* Pods-FreeGeoIP.debug.xcconfig */,
				CEACD6EB9C70929DC9ADE24A /* Pods-FreeGeoIP.release.xcconfig */,
			);
			name = Pods;
			sourceTree = "<group>";
		};
/* End PBXGroup section */

/* Begin PBXHeadersBuildPhase section */
		3E0A3F731F6BF96700F8EB32 /* Headers */ = {
			isa = PBXHeadersBuildPhase;
			buildActionMask = 2147483647;
			files = (
				3E0A3F7B1F6BF96700F8EB32 /* FreeGeoIP.h in Headers */,
			);
			runOnlyForDeploymentPostprocessing = 0;
		};
/* End PBXHeadersBuildPhase section */

/* Begin PBXNativeTarget section */
		3E0A3F751F6BF96700F8EB32 /* FreeGeoIP */ = {
			isa = PBXNativeTarget;
			buildConfigurationList = 3E0A3F7E1F6BF96700F8EB32 /* Build configuration list for PBXNativeTarget "FreeGeoIP" */;
			buildPhases = (
				B0883B90C2C23CDAB186A970 /* [CP] Check Pods Manifest.lock */,
				3E0A3F711F6BF96700F8EB32 /* Sources */,
				3E0A3F721F6BF96700F8EB32 /* Frameworks */,
				3E0A3F731F6BF96700F8EB32 /* Headers */,
				3E0A3F741F6BF96700F8EB32 /* Resources */,
				B8504275FA33AF665880DA1A /* [CP] Copy Pods Resources */,
			);
			buildRules = (
			);
			dependencies = (
			);
			name = FreeGeoIP;
			productName = FreeGeoIP;
			productReference = 3E0A3F761F6BF96700F8EB32 /* FreeGeoIP.framework */;
			productType = "com.apple.product-type.framework";
		};
/* End PBXNativeTarget section */

/* Begin PBXProject section */
		3E0A3F6D1F6BF96700F8EB32 /* Project object */ = {
			isa = PBXProject;
			attributes = {
				LastUpgradeCheck = 0830;
				ORGANIZATIONNAME = "Maros Betko";
				TargetAttributes = {
					3E0A3F751F6BF96700F8EB32 = {
						CreatedOnToolsVersion = 8.3.3;
						DevelopmentTeam = NYN8XNMBYY;
						LastSwiftMigration = 0830;
						ProvisioningStyle = Automatic;
					};
				};
			};
			buildConfigurationList = 3E0A3F701F6BF96700F8EB32 /* Build configuration list for PBXProject "FreeGeoIP" */;
			compatibilityVersion = "Xcode 3.2";
			developmentRegion = English;
			hasScannedForEncodings = 0;
			knownRegions = (
				en,
			);
			mainGroup = 3E0A3F6C1F6BF96700F8EB32;
			productRefGroup = 3E0A3F771F6BF96700F8EB32 /* Products */;
			projectDirPath = "";
			projectRoot = "";
			targets = (
				3E0A3F751F6BF96700F8EB32 /* FreeGeoIP */,
			);
		};
/* End PBXProject section */

/* Begin PBXResourcesBuildPhase section */
		3E0A3F741F6BF96700F8EB32 /* Resources */ = {
			isa = PBXResourcesBuildPhase;
			buildActionMask = 2147483647;
			files = (
			);
			runOnlyForDeploymentPostprocessing = 0;
		};
/* End PBXResourcesBuildPhase section */

/* Begin PBXShellScriptBuildPhase section */
		B0883B90C2C23CDAB186A970 /* [CP] Check Pods Manifest.lock */ = {
			isa = PBXShellScriptBuildPhase;
			buildActionMask = 2147483647;
			files = (
			);
			inputPaths = (
				"${PODS_PODFILE_DIR_PATH}/Podfile.lock",
				"${PODS_ROOT}/Manifest.lock",
			);
			name = "[CP] Check Pods Manifest.lock";
			outputPaths = (
				"$(DERIVED_FILE_DIR)/Pods-FreeGeoIP-checkManifestLockResult.txt",
			);
			runOnlyForDeploymentPostprocessing = 0;
			shellPath = /bin/sh;
			shellScript = "diff \"${PODS_PODFILE_DIR_PATH}/Podfile.lock\" \"${PODS_ROOT}/Manifest.lock\" > /dev/null\nif [ $? != 0 ] ; then\n    # print error to STDERR\n    echo \"error: The sandbox is not in sync with the Podfile.lock. Run 'pod install' or update your CocoaPods installation.\" >&2\n    exit 1\nfi\n# This output is used by Xcode 'outputs' to avoid re-running this script phase.\necho \"SUCCESS\" > \"${SCRIPT_OUTPUT_FILE_0}\"\n";
			showEnvVarsInLog = 0;
		};
		B8504275FA33AF665880DA1A /* [CP] Copy Pods Resources */ = {
			isa = PBXShellScriptBuildPhase;
			buildActionMask = 2147483647;
			files = (
			);
			inputPaths = (
			);
			name = "[CP] Copy Pods Resources";
			outputPaths = (
			);
			runOnlyForDeploymentPostprocessing = 0;
			shellPath = /bin/sh;
			shellScript = "\"${SRCROOT}/Pods/Target Support Files/Pods-FreeGeoIP/Pods-FreeGeoIP-resources.sh\"\n";
			showEnvVarsInLog = 0;
		};
/* End PBXShellScriptBuildPhase section */

/* Begin PBXSourcesBuildPhase section */
		3E0A3F711F6BF96700F8EB32 /* Sources */ = {
			isa = PBXSourcesBuildPhase;
			buildActionMask = 2147483647;
			files = (
				3E0A3F821F6BF98400F8EB32 /* GeoIp.swift in Sources */,
			);
			runOnlyForDeploymentPostprocessing = 0;
		};
/* End PBXSourcesBuildPhase section */

/* Begin XCBuildConfiguration section */
		3E0A3F7C1F6BF96700F8EB32 /* Debug */ = {
			isa = XCBuildConfiguration;
			buildSettings = {
				ALWAYS_SEARCH_USER_PATHS = NO;
				CLANG_ANALYZER_NONNULL = YES;
				CLANG_ANALYZER_NUMBER_OBJECT_CONVERSION = YES_AGGRESSIVE;
				CLANG_CXX_LANGUAGE_STANDARD = "gnu++0x";
				CLANG_CXX_LIBRARY = "libc++";
				CLANG_ENABLE_MODULES = YES;
				CLANG_ENABLE_OBJC_ARC = YES;
				CLANG_WARN_BOOL_CONVERSION = YES;
				CLANG_WARN_CONSTANT_CONVERSION = YES;
				CLANG_WARN_DIRECT_OBJC_ISA_USAGE = YES_ERROR;
				CLANG_WARN_DOCUMENTATION_COMMENTS = YES;
				CLANG_WARN_EMPTY_BODY = YES;
				CLANG_WARN_ENUM_CONVERSION = YES;
				CLANG_WARN_INFINITE_RECURSION = YES;
				CLANG_WARN_INT_CONVERSION = YES;
				CLANG_WARN_OBJC_ROOT_CLASS = YES_ERROR;
				CLANG_WARN_SUSPICIOUS_MOVE = YES;
				CLANG_WARN_UNREACHABLE_CODE = YES;
				CLANG_WARN__DUPLICATE_METHOD_MATCH = YES;
				"CODE_SIGN_IDENTITY[sdk=iphoneos*]" = "iPhone Developer";
				COPY_PHASE_STRIP = NO;
				CURRENT_PROJECT_VERSION = 1;
				DEBUG_INFORMATION_FORMAT = dwarf;
				ENABLE_STRICT_OBJC_MSGSEND = YES;
				ENABLE_TESTABILITY = YES;
				GCC_C_LANGUAGE_STANDARD = gnu99;
				GCC_DYNAMIC_NO_PIC = NO;
				GCC_NO_COMMON_BLOCKS = YES;
				GCC_OPTIMIZATION_LEVEL = 0;
				GCC_PREPROCESSOR_DEFINITIONS = (
					"DEBUG=1",
					"$(inherited)",
				);
				GCC_WARN_64_TO_32_BIT_CONVERSION = YES;
				GCC_WARN_ABOUT_RETURN_TYPE = YES_ERROR;
				GCC_WARN_UNDECLARED_SELECTOR = YES;
				GCC_WARN_UNINITIALIZED_AUTOS = YES_AGGRESSIVE;
				GCC_WARN_UNUSED_FUNCTION = YES;
				GCC_WARN_UNUSED_VARIABLE = YES;
				IPHONEOS_DEPLOYMENT_TARGET = 10.3;
				MTL_ENABLE_DEBUG_INFO = YES;
				ONLY_ACTIVE_ARCH = YES;
				SDKROOT = iphoneos;
				SWIFT_ACTIVE_COMPILATION_CONDITIONS = DEBUG;
				SWIFT_OPTIMIZATION_LEVEL = "-Onone";
				TARGETED_DEVICE_FAMILY = "1,2";
				VERSIONING_SYSTEM = "apple-generic";
				VERSION_INFO_PREFIX = "";
			};
			name = Debug;
		};
		3E0A3F7D1F6BF96700F8EB32 /* Release */ = {
			isa = XCBuildConfiguration;
			buildSettings = {
				ALWAYS_SEARCH_USER_PATHS = NO;
				CLANG_ANALYZER_NONNULL = YES;
				CLANG_ANALYZER_NUMBER_OBJECT_CONVERSION = YES_AGGRESSIVE;
				CLANG_CXX_LANGUAGE_STANDARD = "gnu++0x";
				CLANG_CXX_LIBRARY = "libc++";
				CLANG_ENABLE_MODULES = YES;
				CLANG_ENABLE_OBJC_ARC = YES;
				CLANG_WARN_BOOL_CONVERSION = YES;
				CLANG_WARN_CONSTANT_CONVERSION = YES;
				CLANG_WARN_DIRECT_OBJC_ISA_USAGE = YES_ERROR;
				CLANG_WARN_DOCUMENTATION_COMMENTS = YES;
				CLANG_WARN_EMPTY_BODY = YES;
				CLANG_WARN_ENUM_CONVERSION = YES;
				CLANG_WARN_INFINITE_RECURSION = YES;
				CLANG_WARN_INT_CONVERSION = YES;
				CLANG_WARN_OBJC_ROOT_CLASS = YES_ERROR;
				CLANG_WARN_SUSPICIOUS_MOVE = YES;
				CLANG_WARN_UNREACHABLE_CODE = YES;
				CLANG_WARN__DUPLICATE_METHOD_MATCH = YES;
				"CODE_SIGN_IDENTITY[sdk=iphoneos*]" = "iPhone Developer";
				COPY_PHASE_STRIP = NO;
				CURRENT_PROJECT_VERSION = 1;
				DEBUG_INFORMATION_FORMAT = "dwarf-with-dsym";
				ENABLE_NS_ASSERTIONS = NO;
				ENABLE_STRICT_OBJC_MSGSEND = YES;
				GCC_C_LANGUAGE_STANDARD = gnu99;
				GCC_NO_COMMON_BLOCKS = YES;
				GCC_WARN_64_TO_32_BIT_CONVERSION = YES;
				GCC_WARN_ABOUT_RETURN_TYPE = YES_ERROR;
				GCC_WARN_UNDECLARED_SELECTOR = YES;
				GCC_WARN_UNINITIALIZED_AUTOS = YES_AGGRESSIVE;
				GCC_WARN_UNUSED_FUNCTION = YES;
				GCC_WARN_UNUSED_VARIABLE = YES;
				IPHONEOS_DEPLOYMENT_TARGET = 10.3;
				MTL_ENABLE_DEBUG_INFO = NO;
				SDKROOT = iphoneos;
				SWIFT_OPTIMIZATION_LEVEL = "-Owholemodule";
				TARGETED_DEVICE_FAMILY = "1,2";
				VALIDATE_PRODUCT = YES;
				VERSIONING_SYSTEM = "apple-generic";
				VERSION_INFO_PREFIX = "";
			};
			name = Release;
		};
		3E0A3F7F1F6BF96700F8EB32 /* Debug */ = {
			isa = XCBuildConfiguration;
			baseConfigurationReference = 343DA6E6C22C86C903459003 /* Pods-FreeGeoIP.debug.xcconfig */;
			buildSettings = {
				CLANG_ENABLE_MODULES = YES;
				CODE_SIGN_IDENTITY = "";
				DEFINES_MODULE = YES;
				DEVELOPMENT_TEAM = NYN8XNMBYY;
				DYLIB_COMPATIBILITY_VERSION = 1;
				DYLIB_CURRENT_VERSION = 1;
				DYLIB_INSTALL_NAME_BASE = "@rpath";
				INFOPLIST_FILE = FreeGeoIP/Info.plist;
				INSTALL_PATH = "$(LOCAL_LIBRARY_DIR)/Frameworks";
				LD_RUNPATH_SEARCH_PATHS = "$(inherited) @executable_path/Frameworks @loader_path/Frameworks";
				PRODUCT_BUNDLE_IDENTIFIER = haaxor1689.FreeGeoIP;
				PRODUCT_NAME = "$(TARGET_NAME)";
				SKIP_INSTALL = YES;
				SWIFT_OPTIMIZATION_LEVEL = "-Onone";
				SWIFT_VERSION = 3.0;
			};
			name = Debug;
		};
		3E0A3F801F6BF96700F8EB32 /* Release */ = {
			isa = XCBuildConfiguration;
			baseConfigurationReference = CEACD6EB9C70929DC9ADE24A /* Pods-FreeGeoIP.release.xcconfig */;
			buildSettings = {
				CLANG_ENABLE_MODULES = YES;
				CODE_SIGN_IDENTITY = "";
				DEFINES_MODULE = YES;
				DEVELOPMENT_TEAM = NYN8XNMBYY;
				DYLIB_COMPATIBILITY_VERSION = 1;
				DYLIB_CURRENT_VERSION = 1;
				DYLIB_INSTALL_NAME_BASE = "@rpath";
				INFOPLIST_FILE = FreeGeoIP/Info.plist;
				INSTALL_PATH = "$(LOCAL_LIBRARY_DIR)/Frameworks";
				LD_RUNPATH_SEARCH_PATHS = "$(inherited) @executable_path/Frameworks @loader_path/Frameworks";
				PRODUCT_BUNDLE_IDENTIFIER = haaxor1689.FreeGeoIP;
				PRODUCT_NAME = "$(TARGET_NAME)";
				SKIP_INSTALL = YES;
				SWIFT_VERSION = 3.0;
			};
			name = Release;
		};
/* End XCBuildConfiguration section */

/* Begin XCConfigurationList section */
		3E0A3F701F6BF96700F8EB32 /* Build configuration list for PBXProject "FreeGeoIP" */ = {
			isa = XCConfigurationList;
			buildConfigurations = (
				3E0A3F7C1F6BF96700F8EB32 /* Debug */,
				3E0A3F7D1F6BF96700F8EB32 /* Release */,
			);
			defaultConfigurationIsVisible = 0;
			defaultConfigurationName = Release;
		};
		3E0A3F7E1F6BF96700F8EB32 /* Build configuration list for PBXNativeTarget "FreeGeoIP" */ = {
			isa = XCConfigurationList;
			buildConfigurations = (
				3E0A3F7F1F6BF96700F8EB32 /* Debug */,
				3E0A3F801F6BF96700F8EB32 /* Release */,
			);
			defaultConfigurationIsVisible = 0;
			defaultConfigurationName = Release;
		};
/* End XCConfigurationList section */
	};
	rootObject = 3E0A3F6D1F6BF96700F8EB32 /* Project object */;
}
